
Microsoft Visual Studio Solution File, Format Version 12.00
# Visual Studio Version 16
VisualStudioVersion = 16.0.31624.102
MinimumVisualStudioVersion = 10.0.40219.1
Project("{9A19103F-16F7-4668-BE54-9A1E7A4F7556}") = "JohariWindow", "JohariWindow\JohariWindow.csproj", "{F290ED77-442F-465D-810B-9241C172A198}"
	ProjectSection(ProjectDependencies) = postProject
		{506E4547-684D-404E-8DB0-62D908235DC7} = {506E4547-684D-404E-8DB0-62D908235DC7}
		{110E8458-48F8-4FF0-ABEC-E5C17631F74F} = {110E8458-48F8-4FF0-ABEC-E5C17631F74F}
	EndProjectSection
EndProject
Project("{9A19103F-16F7-4668-BE54-9A1E7A4F7556}") = "Infrastructure", "Infrastructure\Infrastructure.csproj", "{506E4547-684D-404E-8DB0-62D908235DC7}"
	ProjectSection(ProjectDependencies) = postProject
		{110E8458-48F8-4FF0-ABEC-E5C17631F74F} = {110E8458-48F8-4FF0-ABEC-E5C17631F74F}
	EndProjectSection
EndProject
Project("{9A19103F-16F7-4668-BE54-9A1E7A4F7556}") = "ApplicationCore", "ApplicationCore\ApplicationCore.csproj", "{110E8458-48F8-4FF0-ABEC-E5C17631F74F}"
EndProject
Global
	GlobalSection(SolutionConfigurationPlatforms) = preSolution
		Debug|Any CPU = Debug|Any CPU
		Release|Any CPU = Release|Any CPU
	EndGlobalSection
	GlobalSection(ProjectConfigurationPlatforms) = postSolution
		{F290ED77-442F-465D-810B-9241C172A198}.Debug|Any CPU.ActiveCfg = Debug|Any CPU
		{F290ED77-442F-465D-810B-9241C172A198}.Debug|Any CPU.Build.0 = Debug|Any CPU
		{F290ED77-442F-465D-810B-9241C172A198}.Release|Any CPU.ActiveCfg = Release|Any CPU
		{F290ED77-442F-465D-810B-9241C172A198}.Release|Any CPU.Build.0 = Release|Any CPU
		{506E4547-684D-404E-8DB0-62D908235DC7}.Debug|Any CPU.ActiveCfg = Debug|Any CPU
		{506E4547-684D-404E-8DB0-62D908235DC7}.Debug|Any CPU.Build.0 = Debug|Any CPU
		{506E4547-684D-404E-8DB0-62D908235DC7}.Release|Any CPU.ActiveCfg = Release|Any CPU
		{506E4547-684D-404E-8DB0-62D908235DC7}.Release|Any CPU.Build.0 = Release|Any CPU
		{110E8458-48F8-4FF0-ABEC-E5C17631F74F}.Debug|Any CPU.ActiveCfg = Debug|Any CPU
		{110E8458-48F8-4FF0-ABEC-E5C17631F74F}.Debug|Any CPU.Build.0 = Debug|Any CPU
		{110E8458-48F8-4FF0-ABEC-E5C17631F74F}.Release|Any CPU.ActiveCfg = Release|Any CPU
		{110E8458-48F8-4FF0-ABEC-E5C17631F74F}.Release|Any CPU.Build.0 = Release|Any CPU
	EndGlobalSection
	GlobalSection(SolutionProperties) = preSolution
		HideSolutionNode = FALSE
	EndGlobalSection
	GlobalSection(ExtensibilityGlobals) = postSolution
		SolutionGuid = {4532A324-76D1-42B9-A206-0E2D701523E0}
	EndGlobalSection
EndGlobal
